
Microsoft Visual Studio Solution File, Format Version 11.00
# Visual Studio 2010
Project("{002A2DE9-8BB6-484D-9802-7E4AD4084715}") = "HelloWorldTest", "HelloWorldTest\HelloWorldTest.visualdproj", "{92B4FF6F-7583-4A33-A032-818E290DDC51}"
EndProject
Global
	GlobalSection(SolutionConfigurationPlatforms) = preSolution
		Debug|Win32 = Debug|Win32
		Release|Win32 = Release|Win32
	EndGlobalSection
	GlobalSection(ProjectConfigurationPlatforms) = postSolution
		{92B4FF6F-7583-4A33-A032-818E290DDC51}.Debug|Win32.ActiveCfg = Debug|Win32
		{92B4FF6F-7583-4A33-A032-818E290DDC51}.Debug|Win32.Build.0 = Debug|Win32
		{92B4FF6F-7583-4A33-A032-818E290DDC51}.Release|Win32.ActiveCfg = Release|Win32
		{92B4FF6F-7583-4A33-A032-818E290DDC51}.Release|Win32.Build.0 = Release|Win32
	EndGlobalSection
	GlobalSection(SolutionProperties) = preSolution
		HideSolutionNode = FALSE
	EndGlobalSection
EndGlobal
